
Microsoft Visual Studio Solution File, Format Version 12.00
# Visual Studio Version 17
VisualStudioVersion = 17.4.33103.184
MinimumVisualStudioVersion = 10.0.40219.1
Project("{FAE04EC0-301F-11D3-BF4B-00C04F79EFBC}") = "Demo171122", "Demo171122\Demo171122.csproj", "{B6D46D3B-394A-4AF8-B3BD-E996F08F74F8}"
EndProject
Global
	GlobalSection(SolutionConfigurationPlatforms) = preSolution
		Debug|Any CPU = Debug|Any CPU
		Release|Any CPU = Release|Any CPU
	EndGlobalSection
	GlobalSection(ProjectConfigurationPlatforms) = postSolution
		{B6D46D3B-394A-4AF8-B3BD-E996F08F74F8}.Debug|Any CPU.ActiveCfg = Debug|Any CPU
		{B6D46D3B-394A-4AF8-B3BD-E996F08F74F8}.Debug|Any CPU.Build.0 = Debug|Any CPU
		{B6D46D3B-394A-4AF8-B3BD-E996F08F74F8}.Release|Any CPU.ActiveCfg = Release|Any CPU
		{B6D46D3B-394A-4AF8-B3BD-E996F08F74F8}.Release|Any CPU.Build.0 = Release|Any CPU
	EndGlobalSection
	GlobalSection(SolutionProperties) = preSolution
		HideSolutionNode = FALSE
	EndGlobalSection
	GlobalSection(ExtensibilityGlobals) = postSolution
		SolutionGuid = {62316426-AE8D-46CC-95FE-D4C4A5411795}
	EndGlobalSection
EndGlobal
